// !$*UTF8*$!
{
	archiveVersion = 1;
	classes = {
	};
	objectVersion = 56;
	objects = {

/* Begin PBXBuildFile section */
		B3657F23298B9CE500B67F77 /* AppDelegate.swift in Sources */ = {isa = PBXBuildFile; fileRef = B3657F22298B9CE500B67F77 /* AppDelegate.swift */; };
		B3657F25298B9CE500B67F77 /* SceneDelegate.swift in Sources */ = {isa = PBXBuildFile; fileRef = B3657F24298B9CE500B67F77 /* SceneDelegate.swift */; };
		B3657F2C298B9CE700B67F77 /* Assets.xcassets in Resources */ = {isa = PBXBuildFile; fileRef = B3657F2B298B9CE700B67F77 /* Assets.xcassets */; };
		B3657F2F298B9CE700B67F77 /* LaunchScreen.storyboard in Resources */ = {isa = PBXBuildFile; fileRef = B3657F2D298B9CE700B67F77 /* LaunchScreen.storyboard */; };
		B3657F3E298B9D3300B67F77 /* MainViewController.swift in Sources */ = {isa = PBXBuildFile; fileRef = B3657F37298B9D3300B67F77 /* MainViewController.swift */; };
		B3657F3F298B9D3300B67F77 /* FilterView.swift in Sources */ = {isa = PBXBuildFile; fileRef = B3657F39298B9D3300B67F77 /* FilterView.swift */; };
		B3657F40298B9D3300B67F77 /* SearchBar.swift in Sources */ = {isa = PBXBuildFile; fileRef = B3657F3A298B9D3300B67F77 /* SearchBar.swift */; };
		B3657F41298B9D3300B67F77 /* BlogListView.swift in Sources */ = {isa = PBXBuildFile; fileRef = B3657F3C298B9D3300B67F77 /* BlogListView.swift */; };
		B3657F42298B9D3300B67F77 /* BlogListCell.swift in Sources */ = {isa = PBXBuildFile; fileRef = B3657F3D298B9D3300B67F77 /* BlogListCell.swift */; };
		B3657F49298B9D3C00B67F77 /* SearchBlogNetwork.swift in Sources */ = {isa = PBXBuildFile; fileRef = B3657F44298B9D3C00B67F77 /* SearchBlogNetwork.swift */; };
		B3657F4A298B9D3C00B67F77 /* BlogListCellData.swift in Sources */ = {isa = PBXBuildFile; fileRef = B3657F46298B9D3C00B67F77 /* BlogListCellData.swift */; };
		B3657F4B298B9D3C00B67F77 /* AlertActionConvertible.swift in Sources */ = {isa = PBXBuildFile; fileRef = B3657F47298B9D3C00B67F77 /* AlertActionConvertible.swift */; };
		B3657F4C298B9D3C00B67F77 /* DKBlog.swift in Sources */ = {isa = PBXBuildFile; fileRef = B3657F48298B9D3C00B67F77 /* DKBlog.swift */; };
/* End PBXBuildFile section */

/* Begin PBXFileReference section */
		B3657F1F298B9CE500B67F77 /* SearchDaumBlog(MVVM).app */ = {isa = PBXFileReference; explicitFileType = wrapper.application; includeInIndex = 0; path = "SearchDaumBlog(MVVM).app"; sourceTree = BUILT_PRODUCTS_DIR; };
		B3657F22298B9CE500B67F77 /* AppDelegate.swift */ = {isa = PBXFileReference; lastKnownFileType = sourcecode.swift; path = AppDelegate.swift; sourceTree = "<group>"; };
		B3657F24298B9CE500B67F77 /* SceneDelegate.swift */ = {isa = PBXFileReference; lastKnownFileType = sourcecode.swift; path = SceneDelegate.swift; sourceTree = "<group>"; };
		B3657F2B298B9CE700B67F77 /* Assets.xcassets */ = {isa = PBXFileReference; lastKnownFileType = folder.assetcatalog; path = Assets.xcassets; sourceTree = "<group>"; };
		B3657F2E298B9CE700B67F77 /* Base */ = {isa = PBXFileReference; lastKnownFileType = file.storyboard; name = Base; path = Base.lproj/LaunchScreen.storyboard; sourceTree = "<group>"; };
		B3657F30298B9CE700B67F77 /* Info.plist */ = {isa = PBXFileReference; lastKnownFileType = text.plist.xml; path = Info.plist; sourceTree = "<group>"; };
		B3657F37298B9D3300B67F77 /* MainViewController.swift */ = {isa = PBXFileReference; fileEncoding = 4; lastKnownFileType = sourcecode.swift; path = MainViewController.swift; sourceTree = "<group>"; };
		B3657F39298B9D3300B67F77 /* FilterView.swift */ = {isa = PBXFileReference; fileEncoding = 4; lastKnownFileType = sourcecode.swift; path = FilterView.swift; sourceTree = "<group>"; };
		B3657F3A298B9D3300B67F77 /* SearchBar.swift */ = {isa = PBXFileReference; fileEncoding = 4; lastKnownFileType = sourcecode.swift; path = SearchBar.swift; sourceTree = "<group>"; };
		B3657F3C298B9D3300B67F77 /* BlogListView.swift */ = {isa = PBXFileReference; fileEncoding = 4; lastKnownFileType = sourcecode.swift; path = BlogListView.swift; sourceTree = "<group>"; };
		B3657F3D298B9D3300B67F77 /* BlogListCell.swift */ = {isa = PBXFileReference; fileEncoding = 4; lastKnownFileType = sourcecode.swift; path = BlogListCell.swift; sourceTree = "<group>"; };
		B3657F44298B9D3C00B67F77 /* SearchBlogNetwork.swift */ = {isa = PBXFileReference; fileEncoding = 4; lastKnownFileType = sourcecode.swift; path = SearchBlogNetwork.swift; sourceTree = "<group>"; };
		B3657F46298B9D3C00B67F77 /* BlogListCellData.swift */ = {isa = PBXFileReference; fileEncoding = 4; lastKnownFileType = sourcecode.swift; path = BlogListCellData.swift; sourceTree = "<group>"; };
		B3657F47298B9D3C00B67F77 /* AlertActionConvertible.swift */ = {isa = PBXFileReference; fileEncoding = 4; lastKnownFileType = sourcecode.swift; path = AlertActionConvertible.swift; sourceTree = "<group>"; };
		B3657F48298B9D3C00B67F77 /* DKBlog.swift */ = {isa = PBXFileReference; fileEncoding = 4; lastKnownFileType = sourcecode.swift; path = DKBlog.swift; sourceTree = "<group>"; };
/* End PBXFileReference section */

/* Begin PBXFrameworksBuildPhase section */
		B3657F1C298B9CE500B67F77 /* Frameworks */ = {
			isa = PBXFrameworksBuildPhase;
			buildActionMask = 2147483647;
			files = (
			);
			runOnlyForDeploymentPostprocessing = 0;
		};
/* End PBXFrameworksBuildPhase section */

/* Begin PBXGroup section */
		B3657F16298B9CE500B67F77 = {
			isa = PBXGroup;
			children = (
				B3657F21298B9CE500B67F77 /* SearchDaumBlog(MVVM) */,
				B3657F20298B9CE500B67F77 /* Products */,
			);
			sourceTree = "<group>";
		};
		B3657F20298B9CE500B67F77 /* Products */ = {
			isa = PBXGroup;
			children = (
				B3657F1F298B9CE500B67F77 /* SearchDaumBlog(MVVM).app */,
			);
			name = Products;
			sourceTree = "<group>";
		};
		B3657F21298B9CE500B67F77 /* SearchDaumBlog(MVVM) */ = {
			isa = PBXGroup;
			children = (
				B3657F22298B9CE500B67F77 /* AppDelegate.swift */,
				B3657F24298B9CE500B67F77 /* SceneDelegate.swift */,
				B3657F36298B9D3300B67F77 /* Presentation */,
				B3657F45298B9D3C00B67F77 /* Entities */,
				B3657F43298B9D3C00B67F77 /* Network */,
				B3657F2B298B9CE700B67F77 /* Assets.xcassets */,
				B3657F2D298B9CE700B67F77 /* LaunchScreen.storyboard */,
				B3657F30298B9CE700B67F77 /* Info.plist */,
			);
			path = "SearchDaumBlog(MVVM)";
			sourceTree = "<group>";
		};
		B3657F36298B9D3300B67F77 /* Presentation */ = {
			isa = PBXGroup;
			children = (
				B3657F37298B9D3300B67F77 /* MainViewController.swift */,
				B3657F38298B9D3300B67F77 /* SubComponents */,
			);
			path = Presentation;
			sourceTree = "<group>";
		};
		B3657F38298B9D3300B67F77 /* SubComponents */ = {
			isa = PBXGroup;
			children = (
				B3657F39298B9D3300B67F77 /* FilterView.swift */,
				B3657F3A298B9D3300B67F77 /* SearchBar.swift */,
				B3657F3B298B9D3300B67F77 /* ListView */,
			);
			path = SubComponents;
			sourceTree = "<group>";
		};
		B3657F3B298B9D3300B67F77 /* ListView */ = {
			isa = PBXGroup;
			children = (
				B3657F3C298B9D3300B67F77 /* BlogListView.swift */,
				B3657F3D298B9D3300B67F77 /* BlogListCell.swift */,
			);
			path = ListView;
			sourceTree = "<group>";
		};
		B3657F43298B9D3C00B67F77 /* Network */ = {
			isa = PBXGroup;
			children = (
				B3657F44298B9D3C00B67F77 /* SearchBlogNetwork.swift */,
			);
			path = Network;
			sourceTree = "<group>";
		};
		B3657F45298B9D3C00B67F77 /* Entities */ = {
			isa = PBXGroup;
			children = (
				B3657F46298B9D3C00B67F77 /* BlogListCellData.swift */,
				B3657F47298B9D3C00B67F77 /* AlertActionConvertible.swift */,
				B3657F48298B9D3C00B67F77 /* DKBlog.swift */,
			);
			path = Entities;
			sourceTree = "<group>";
		};
/* End PBXGroup section */

/* Begin PBXNativeTarget section */
		B3657F1E298B9CE500B67F77 /* SearchDaumBlog(MVVM) */ = {
			isa = PBXNativeTarget;
			buildConfigurationList = B3657F33298B9CE700B67F77 /* Build configuration list for PBXNativeTarget "SearchDaumBlog(MVVM)" */;
			buildPhases = (
				B3657F1B298B9CE500B67F77 /* Sources */,
				B3657F1C298B9CE500B67F77 /* Frameworks */,
				B3657F1D298B9CE500B67F77 /* Resources */,
			);
			buildRules = (
			);
			dependencies = (
			);
			name = "SearchDaumBlog(MVVM)";
			productName = "SearchDaumBlog(MVVM)";
			productReference = B3657F1F298B9CE500B67F77 /* SearchDaumBlog(MVVM).app */;
			productType = "com.apple.product-type.application";
		};
/* End PBXNativeTarget section */

/* Begin PBXProject section */
		B3657F17298B9CE500B67F77 /* Project object */ = {
			isa = PBXProject;
			attributes = {
				BuildIndependentTargetsInParallel = 1;
				LastSwiftUpdateCheck = 1420;
				LastUpgradeCheck = 1420;
				TargetAttributes = {
					B3657F1E298B9CE500B67F77 = {
						CreatedOnToolsVersion = 14.2;
					};
				};
			};
			buildConfigurationList = B3657F1A298B9CE500B67F77 /* Build configuration list for PBXProject "SearchDaumBlog(MVVM)" */;
			compatibilityVersion = "Xcode 14.0";
			developmentRegion = en;
			hasScannedForEncodings = 0;
			knownRegions = (
				en,
				Base,
			);
			mainGroup = B3657F16298B9CE500B67F77;
			productRefGroup = B3657F20298B9CE500B67F77 /* Products */;
			projectDirPath = "";
			projectRoot = "";
			targets = (
				B3657F1E298B9CE500B67F77 /* SearchDaumBlog(MVVM) */,
			);
		};
/* End PBXProject section */

/* Begin PBXResourcesBuildPhase section */
		B3657F1D298B9CE500B67F77 /* Resources */ = {
			isa = PBXResourcesBuildPhase;
			buildActionMask = 2147483647;
			files = (
				B3657F2F298B9CE700B67F77 /* LaunchScreen.storyboard in Resources */,
				B3657F2C298B9CE700B67F77 /* Assets.xcassets in Resources */,
			);
			runOnlyForDeploymentPostprocessing = 0;
		};
/* End PBXResourcesBuildPhase section */

/* Begin PBXSourcesBuildPhase section */
		B3657F1B298B9CE500B67F77 /* Sources */ = {
			isa = PBXSourcesBuildPhase;
			buildActionMask = 2147483647;
			files = (
				B3657F3F298B9D3300B67F77 /* FilterView.swift in Sources */,
				B3657F4C298B9D3C00B67F77 /* DKBlog.swift in Sources */,
				B3657F42298B9D3300B67F77 /* BlogListCell.swift in Sources */,
				B3657F4B298B9D3C00B67F77 /* AlertActionConvertible.swift in Sources */,
				B3657F3E298B9D3300B67F77 /* MainViewController.swift in Sources */,
				B3657F40298B9D3300B67F77 /* SearchBar.swift in Sources */,
				B3657F23298B9CE500B67F77 /* AppDelegate.swift in Sources */,
				B3657F41298B9D3300B67F77 /* BlogListView.swift in Sources */,
				B3657F49298B9D3C00B67F77 /* SearchBlogNetwork.swift in Sources */,
				B3657F4A298B9D3C00B67F77 /* BlogListCellData.swift in Sources */,
				B3657F25298B9CE500B67F77 /* SceneDelegate.swift in Sources */,
			);
			runOnlyForDeploymentPostprocessing = 0;
		};
/* End PBXSourcesBuildPhase section */

/* Begin PBXVariantGroup section */
		B3657F2D298B9CE700B67F77 /* LaunchScreen.storyboard */ = {
			isa = PBXVariantGroup;
			children = (
				B3657F2E298B9CE700B67F77 /* Base */,
			);
			name = LaunchScreen.storyboard;
			sourceTree = "<group>";
		};
/* End PBXVariantGroup section */

/* Begin XCBuildConfiguration section */
		B3657F31298B9CE700B67F77 /* Debug */ = {
			isa = XCBuildConfiguration;
			buildSettings = {
				ALWAYS_SEARCH_USER_PATHS = NO;
				CLANG_ANALYZER_NONNULL = YES;
				CLANG_ANALYZER_NUMBER_OBJECT_CONVERSION = YES_AGGRESSIVE;
				CLANG_CXX_LANGUAGE_STANDARD = "gnu++20";
				CLANG_ENABLE_MODULES = YES;
				CLANG_ENABLE_OBJC_ARC = YES;
				CLANG_ENABLE_OBJC_WEAK = YES;
				CLANG_WARN_BLOCK_CAPTURE_AUTORELEASING = YES;
				CLANG_WARN_BOOL_CONVERSION = YES;
				CLANG_WARN_COMMA = YES;
				CLANG_WARN_CONSTANT_CONVERSION = YES;
				CLANG_WARN_DEPRECATED_OBJC_IMPLEMENTATIONS = YES;
				CLANG_WARN_DIRECT_OBJC_ISA_USAGE = YES_ERROR;
				CLANG_WARN_DOCUMENTATION_COMMENTS = YES;
				CLANG_WARN_EMPTY_BODY = YES;
				CLANG_WARN_ENUM_CONVERSION = YES;
				CLANG_WARN_INFINITE_RECURSION = YES;
				CLANG_WARN_INT_CONVERSION = YES;
				CLANG_WARN_NON_LITERAL_NULL_CONVERSION = YES;
				CLANG_WARN_OBJC_IMPLICIT_RETAIN_SELF = YES;
				CLANG_WARN_OBJC_LITERAL_CONVERSION = YES;
				CLANG_WARN_OBJC_ROOT_CLASS = YES_ERROR;
				CLANG_WARN_QUOTED_INCLUDE_IN_FRAMEWORK_HEADER = YES;
				CLANG_WARN_RANGE_LOOP_ANALYSIS = YES;
				CLANG_WARN_STRICT_PROTOTYPES = YES;
				CLANG_WARN_SUSPICIOUS_MOVE = YES;
				CLANG_WARN_UNGUARDED_AVAILABILITY = YES_AGGRESSIVE;
				CLANG_WARN_UNREACHABLE_CODE = YES;
				CLANG_WARN__DUPLICATE_METHOD_MATCH = YES;
				COPY_PHASE_STRIP = NO;
				DEBUG_INFORMATION_FORMAT = dwarf;
				ENABLE_STRICT_OBJC_MSGSEND = YES;
				ENABLE_TESTABILITY = YES;
				GCC_C_LANGUAGE_STANDARD = gnu11;
				GCC_DYNAMIC_NO_PIC = NO;
				GCC_NO_COMMON_BLOCKS = YES;
				GCC_OPTIMIZATION_LEVEL = 0;
				GCC_PREPROCESSOR_DEFINITIONS = (
					"DEBUG=1",
					"$(inherited)",
				);
				GCC_WARN_64_TO_32_BIT_CONVERSION = YES;
				GCC_WARN_ABOUT_RETURN_TYPE = YES_ERROR;
				GCC_WARN_UNDECLARED_SELECTOR = YES;
				GCC_WARN_UNINITIALIZED_AUTOS = YES_AGGRESSIVE;
				GCC_WARN_UNUSED_FUNCTION = YES;
				GCC_WARN_UNUSED_VARIABLE = YES;
				IPHONEOS_DEPLOYMENT_TARGET = 16.2;
				MTL_ENABLE_DEBUG_INFO = INCLUDE_SOURCE;
				MTL_FAST_MATH = YES;
				ONLY_ACTIVE_ARCH = YES;
				SDKROOT = iphoneos;
				SWIFT_ACTIVE_COMPILATION_CONDITIONS = DEBUG;
				SWIFT_OPTIMIZATION_LEVEL = "-Onone";
			};
			name = Debug;
		};
		B3657F32298B9CE700B67F77 /* Release */ = {
			isa = XCBuildConfiguration;
			buildSettings = {
				ALWAYS_SEARCH_USER_PATHS = NO;
				CLANG_ANALYZER_NONNULL = YES;
				CLANG_ANALYZER_NUMBER_OBJECT_CONVERSION = YES_AGGRESSIVE;
				CLANG_CXX_LANGUAGE_STANDARD = "gnu++20";
				CLANG_ENABLE_MODULES = YES;
				CLANG_ENABLE_OBJC_ARC = YES;
				CLANG_ENABLE_OBJC_WEAK = YES;
				CLANG_WARN_BLOCK_CAPTURE_AUTORELEASING = YES;
				CLANG_WARN_BOOL_CONVERSION = YES;
				CLANG_WARN_COMMA = YES;
				CLANG_WARN_CONSTANT_CONVERSION = YES;
				CLANG_WARN_DEPRECATED_OBJC_IMPLEMENTATIONS = YES;
				CLANG_WARN_DIRECT_OBJC_ISA_USAGE = YES_ERROR;
				CLANG_WARN_DOCUMENTATION_COMMENTS = YES;
				CLANG_WARN_EMPTY_BODY = YES;
				CLANG_WARN_ENUM_CONVERSION = YES;
				CLANG_WARN_INFINITE_RECURSION = YES;
				CLANG_WARN_INT_CONVERSION = YES;
				CLANG_WARN_NON_LITERAL_NULL_CONVERSION = YES;
				CLANG_WARN_OBJC_IMPLICIT_RETAIN_SELF = YES;
				CLANG_WARN_OBJC_LITERAL_CONVERSION = YES;
				CLANG_WARN_OBJC_ROOT_CLASS = YES_ERROR;
				CLANG_WARN_QUOTED_INCLUDE_IN_FRAMEWORK_HEADER = YES;
				CLANG_WARN_RANGE_LOOP_ANALYSIS = YES;
				CLANG_WARN_STRICT_PROTOTYPES = YES;
				CLANG_WARN_SUSPICIOUS_MOVE = YES;
				CLANG_WARN_UNGUARDED_AVAILABILITY = YES_AGGRESSIVE;
				CLANG_WARN_UNREACHABLE_CODE = YES;
				CLANG_WARN__DUPLICATE_METHOD_MATCH = YES;
				COPY_PHASE_STRIP = NO;
				DEBUG_INFORMATION_FORMAT = "dwarf-with-dsym";
				ENABLE_NS_ASSERTIONS = NO;
				ENABLE_STRICT_OBJC_MSGSEND = YES;
				GCC_C_LANGUAGE_STANDARD = gnu11;
				GCC_NO_COMMON_BLOCKS = YES;
				GCC_WARN_64_TO_32_BIT_CONVERSION = YES;
				GCC_WARN_ABOUT_RETURN_TYPE = YES_ERROR;
				GCC_WARN_UNDECLARED_SELECTOR = YES;
				GCC_WARN_UNINITIALIZED_AUTOS = YES_AGGRESSIVE;
				GCC_WARN_UNUSED_FUNCTION = YES;
				GCC_WARN_UNUSED_VARIABLE = YES;
				IPHONEOS_DEPLOYMENT_TARGET = 16.2;
				MTL_ENABLE_DEBUG_INFO = NO;
				MTL_FAST_MATH = YES;
				SDKROOT = iphoneos;
				SWIFT_COMPILATION_MODE = wholemodule;
				SWIFT_OPTIMIZATION_LEVEL = "-O";
				VALIDATE_PRODUCT = YES;
			};
			name = Release;
		};
		B3657F34298B9CE700B67F77 /* Debug */ = {
			isa = XCBuildConfiguration;
			buildSettings = {
				ASSETCATALOG_COMPILER_APPICON_NAME = AppIcon;
				ASSETCATALOG_COMPILER_GLOBAL_ACCENT_COLOR_NAME = AccentColor;
				CODE_SIGN_STYLE = Automatic;
				CURRENT_PROJECT_VERSION = 1;
				DEVELOPMENT_TEAM = 2DBARTRT37;
				GENERATE_INFOPLIST_FILE = YES;
				INFOPLIST_FILE = "SearchDaumBlog(MVVM)/Info.plist";
				INFOPLIST_KEY_UIApplicationSupportsIndirectInputEvents = YES;
				INFOPLIST_KEY_UILaunchStoryboardName = LaunchScreen;
				INFOPLIST_KEY_UIMainStoryboardFile = "";
				INFOPLIST_KEY_UISupportedInterfaceOrientations_iPad = "UIInterfaceOrientationPortrait UIInterfaceOrientationPortraitUpsideDown UIInterfaceOrientationLandscapeLeft UIInterfaceOrientationLandscapeRight";
				INFOPLIST_KEY_UISupportedInterfaceOrientations_iPhone = "UIInterfaceOrientationPortrait UIInterfaceOrientationLandscapeLeft UIInterfaceOrientationLandscapeRight";
				LD_RUNPATH_SEARCH_PATHS = (
					"$(inherited)",
					"@executable_path/Frameworks",
				);
				MARKETING_VERSION = 1.0;
				PRODUCT_BUNDLE_IDENTIFIER = "com.wony.SearchDaumBlog-MVVM-";
				PRODUCT_NAME = "$(TARGET_NAME)";
				SWIFT_EMIT_LOC_STRINGS = YES;
				SWIFT_VERSION = 5.0;
				TARGETED_DEVICE_FAMILY = "1,2";
			};
			name = Debug;
		};
		B3657F35298B9CE700B67F77 /* Release */ = {
			isa = XCBuildConfiguration;
			buildSettings = {
				ASSETCATALOG_COMPILER_APPICON_NAME = AppIcon;
				ASSETCATALOG_COMPILER_GLOBAL_ACCENT_COLOR_NAME = AccentColor;
				CODE_SIGN_STYLE = Automatic;
				CURRENT_PROJECT_VERSION = 1;
				DEVELOPMENT_TEAM = 2DBARTRT37;
				GENERATE_INFOPLIST_FILE = YES;
				INFOPLIST_FILE = "SearchDaumBlog(MVVM)/Info.plist";
				INFOPLIST_KEY_UIApplicationSupportsIndirectInputEvents = YES;
				INFOPLIST_KEY_UILaunchStoryboardName = LaunchScreen;
				INFOPLIST_KEY_UIMainStoryboardFile = "";
				INFOPLIST_KEY_UISupportedInterfaceOrientations_iPad = "UIInterfaceOrientationPortrait UIInterfaceOrientationPortraitUpsideDown UIInterfaceOrientationLandscapeLeft UIInterfaceOrientationLandscapeRight";
				INFOPLIST_KEY_UISupportedInterfaceOrientations_iPhone = "UIInterfaceOrientationPortrait UIInterfaceOrientationLandscapeLeft UIInterfaceOrientationLandscapeRight";
				LD_RUNPATH_SEARCH_PATHS = (
					"$(inherited)",
					"@executable_path/Frameworks",
				);
				MARKETING_VERSION = 1.0;
				PRODUCT_BUNDLE_IDENTIFIER = "com.wony.SearchDaumBlog-MVVM-";
				PRODUCT_NAME = "$(TARGET_NAME)";
				SWIFT_EMIT_LOC_STRINGS = YES;
				SWIFT_VERSION = 5.0;
				TARGETED_DEVICE_FAMILY = "1,2";
			};
			name = Release;
		};
/* End XCBuildConfiguration section */

/* Begin XCConfigurationList section */
		B3657F1A298B9CE500B67F77 /* Build configuration list for PBXProject "SearchDaumBlog(MVVM)" */ = {
			isa = XCConfigurationList;
			buildConfigurations = (
				B3657F31298B9CE700B67F77 /* Debug */,
				B3657F32298B9CE700B67F77 /* Release */,
			);
			defaultConfigurationIsVisible = 0;
			defaultConfigurationName = Release;
		};
		B3657F33298B9CE700B67F77 /* Build configuration list for PBXNativeTarget "SearchDaumBlog(MVVM)" */ = {
			isa = XCConfigurationList;
			buildConfigurations = (
				B3657F34298B9CE700B67F77 /* Debug */,
				B3657F35298B9CE700B67F77 /* Release */,
			);
			defaultConfigurationIsVisible = 0;
			defaultConfigurationName = Release;
		};
/* End XCConfigurationList section */
	};
	rootObject = B3657F17298B9CE500B67F77 /* Project object */;
}
